// !$*UTF8*$!
{
	archiveVersion = 1;
	classes = {
	};
	objectVersion = 56;
	objects = {

/* Begin PBXBuildFile section */
		881A2B4D29BDEC9A000ED0B8 /* learning_swift.json in Resources */ = {isa = PBXBuildFile; fileRef = 881A2B4C29BDEC9A000ED0B8 /* learning_swift.json */; };
		881A2B4F29BDEE04000ED0B8 /* Landmark.swift in Sources */ = {isa = PBXBuildFile; fileRef = 881A2B4E29BDEE04000ED0B8 /* Landmark.swift */; };
		881A2B5129BE0C11000ED0B8 /* ModelData.swift in Sources */ = {isa = PBXBuildFile; fileRef = 881A2B5029BE0C11000ED0B8 /* ModelData.swift */; };
		88216ADA29C0844400363DBD /* LandmarkDetail.swift in Sources */ = {isa = PBXBuildFile; fileRef = 88216AD929C0844400363DBD /* LandmarkDetail.swift */; };
		88216ADB29C0844400363DBD /* LandmarkDetail.swift in Sources */ = {isa = PBXBuildFile; fileRef = 88216AD929C0844400363DBD /* LandmarkDetail.swift */; };
		88216ADC29C0844400363DBD /* LandmarkDetail.swift in Sources */ = {isa = PBXBuildFile; fileRef = 88216AD929C0844400363DBD /* LandmarkDetail.swift */; };
		883E44C229B7A09A00C49165 /* images.swift in Sources */ = {isa = PBXBuildFile; fileRef = 883E44C129B7A09A00C49165 /* images.swift */; };
		885571BF29BA1F33000CBF91 /* MapView.swift in Sources */ = {isa = PBXBuildFile; fileRef = 885571BE29BA1F33000CBF91 /* MapView.swift */; };
		885896F429BB4FE700CB845E /* ImageView.swift in Sources */ = {isa = PBXBuildFile; fileRef = 885896F329BB4FE700CB845E /* ImageView.swift */; };
		885896F629BB50E700CB845E /* FlexableImagesView.swift in Sources */ = {isa = PBXBuildFile; fileRef = 885896F529BB50E700CB845E /* FlexableImagesView.swift */; };
		885896F829BB5A6600CB845E /* AlaProfileWithMap.swift in Sources */ = {isa = PBXBuildFile; fileRef = 885896F729BB5A6600CB845E /* AlaProfileWithMap.swift */; };
		8863DD6329B643110063FA1D /* learning_swiftApp.swift in Sources */ = {isa = PBXBuildFile; fileRef = 8863DD6229B643110063FA1D /* learning_swiftApp.swift */; };
		8863DD6529B643110063FA1D /* Persistence.swift in Sources */ = {isa = PBXBuildFile; fileRef = 8863DD6429B643110063FA1D /* Persistence.swift */; };
		8863DD6829B643110063FA1D /* learning_swift.xcdatamodeld in Sources */ = {isa = PBXBuildFile; fileRef = 8863DD6629B643110063FA1D /* learning_swift.xcdatamodeld */; };
		8863DD6A29B643110063FA1D /* ContentView.swift in Sources */ = {isa = PBXBuildFile; fileRef = 8863DD6929B643110063FA1D /* ContentView.swift */; };
		8863DD6C29B643120063FA1D /* Assets.xcassets in Resources */ = {isa = PBXBuildFile; fileRef = 8863DD6B29B643120063FA1D /* Assets.xcassets */; };
		8863DD7029B643120063FA1D /* Preview Assets.xcassets in Resources */ = {isa = PBXBuildFile; fileRef = 8863DD6F29B643120063FA1D /* Preview Assets.xcassets */; };
		8863DD7A29B643120063FA1D /* learning_swiftTests.swift in Sources */ = {isa = PBXBuildFile; fileRef = 8863DD7929B643120063FA1D /* learning_swiftTests.swift */; };
		8863DD8429B643120063FA1D /* learning_swiftUITests.swift in Sources */ = {isa = PBXBuildFile; fileRef = 8863DD8329B643120063FA1D /* learning_swiftUITests.swift */; };
		8863DD8629B643120063FA1D /* learning_swiftUITestsLaunchTests.swift in Sources */ = {isa = PBXBuildFile; fileRef = 8863DD8529B643120063FA1D /* learning_swiftUITestsLaunchTests.swift */; };
		88665F5D29BFD667009D4E8D /* LandmarkRow.swift in Sources */ = {isa = PBXBuildFile; fileRef = 88665F5C29BFD667009D4E8D /* LandmarkRow.swift */; };
		88665F5E29BFD667009D4E8D /* LandmarkRow.swift in Sources */ = {isa = PBXBuildFile; fileRef = 88665F5C29BFD667009D4E8D /* LandmarkRow.swift */; };
		88665F5F29BFD667009D4E8D /* LandmarkRow.swift in Sources */ = {isa = PBXBuildFile; fileRef = 88665F5C29BFD667009D4E8D /* LandmarkRow.swift */; };
		88665F6129BFDD7F009D4E8D /* LandmarkList.swift in Sources */ = {isa = PBXBuildFile; fileRef = 88665F6029BFDD7F009D4E8D /* LandmarkList.swift */; };
		88665F6229BFDD7F009D4E8D /* LandmarkList.swift in Sources */ = {isa = PBXBuildFile; fileRef = 88665F6029BFDD7F009D4E8D /* LandmarkList.swift */; };
		88665F6329BFDD7F009D4E8D /* LandmarkList.swift in Sources */ = {isa = PBXBuildFile; fileRef = 88665F6029BFDD7F009D4E8D /* LandmarkList.swift */; };
/* End PBXBuildFile section */

/* Begin PBXContainerItemProxy section */
		8863DD7629B643120063FA1D /* PBXContainerItemProxy */ = {
			isa = PBXContainerItemProxy;
			containerPortal = 8863DD5729B643110063FA1D /* Project object */;
			proxyType = 1;
			remoteGlobalIDString = 8863DD5E29B643110063FA1D;
			remoteInfo = "learning-swift";
		};
		8863DD8029B643120063FA1D /* PBXContainerItemProxy */ = {
			isa = PBXContainerItemProxy;
			containerPortal = 8863DD5729B643110063FA1D /* Project object */;
			proxyType = 1;
			remoteGlobalIDString = 8863DD5E29B643110063FA1D;
			remoteInfo = "learning-swift";
		};
/* End PBXContainerItemProxy section */

/* Begin PBXFileReference section */
		881A2B4C29BDEC9A000ED0B8 /* learning_swift.json */ = {isa = PBXFileReference; fileEncoding = 4; lastKnownFileType = text.json; path = learning_swift.json; sourceTree = "<group>"; };
		881A2B4E29BDEE04000ED0B8 /* Landmark.swift */ = {isa = PBXFileReference; lastKnownFileType = sourcecode.swift; path = Landmark.swift; sourceTree = "<group>"; };
		881A2B5029BE0C11000ED0B8 /* ModelData.swift */ = {isa = PBXFileReference; lastKnownFileType = sourcecode.swift; path = ModelData.swift; sourceTree = "<group>"; };
		88216AD929C0844400363DBD /* LandmarkDetail.swift */ = {isa = PBXFileReference; lastKnownFileType = sourcecode.swift; path = LandmarkDetail.swift; sourceTree = "<group>"; };
		883E44C129B7A09A00C49165 /* images.swift */ = {isa = PBXFileReference; lastKnownFileType = sourcecode.swift; path = images.swift; sourceTree = "<group>"; };
		885571BE29BA1F33000CBF91 /* MapView.swift */ = {isa = PBXFileReference; lastKnownFileType = sourcecode.swift; path = MapView.swift; sourceTree = "<group>"; };
		885896F329BB4FE700CB845E /* ImageView.swift */ = {isa = PBXFileReference; lastKnownFileType = sourcecode.swift; path = ImageView.swift; sourceTree = "<group>"; };
		885896F529BB50E700CB845E /* FlexableImagesView.swift */ = {isa = PBXFileReference; lastKnownFileType = sourcecode.swift; path = FlexableImagesView.swift; sourceTree = "<group>"; };
		885896F729BB5A6600CB845E /* AlaProfileWithMap.swift */ = {isa = PBXFileReference; lastKnownFileType = sourcecode.swift; path = AlaProfileWithMap.swift; sourceTree = "<group>"; };
		8863DD5F29B643110063FA1D /* learning-swift.app */ = {isa = PBXFileReference; explicitFileType = wrapper.application; includeInIndex = 0; path = "learning-swift.app"; sourceTree = BUILT_PRODUCTS_DIR; };
		8863DD6229B643110063FA1D /* learning_swiftApp.swift */ = {isa = PBXFileReference; lastKnownFileType = sourcecode.swift; path = learning_swiftApp.swift; sourceTree = "<group>"; };
		8863DD6429B643110063FA1D /* Persistence.swift */ = {isa = PBXFileReference; lastKnownFileType = sourcecode.swift; path = Persistence.swift; sourceTree = "<group>"; };
		8863DD6729B643110063FA1D /* learning_swift.xcdatamodel */ = {isa = PBXFileReference; lastKnownFileType = wrapper.xcdatamodel; path = learning_swift.xcdatamodel; sourceTree = "<group>"; };
		8863DD6929B643110063FA1D /* ContentView.swift */ = {isa = PBXFileReference; lastKnownFileType = sourcecode.swift; path = ContentView.swift; sourceTree = "<group>"; };
		8863DD6B29B643120063FA1D /* Assets.xcassets */ = {isa = PBXFileReference; lastKnownFileType = folder.assetcatalog; path = Assets.xcassets; sourceTree = "<group>"; };
		8863DD6D29B643120063FA1D /* learning_swift.entitlements */ = {isa = PBXFileReference; lastKnownFileType = text.plist.entitlements; path = learning_swift.entitlements; sourceTree = "<group>"; };
		8863DD6F29B643120063FA1D /* Preview Assets.xcassets */ = {isa = PBXFileReference; lastKnownFileType = folder.assetcatalog; path = "Preview Assets.xcassets"; sourceTree = "<group>"; };
		8863DD7529B643120063FA1D /* learning-swiftTests.xctest */ = {isa = PBXFileReference; explicitFileType = wrapper.cfbundle; includeInIndex = 0; path = "learning-swiftTests.xctest"; sourceTree = BUILT_PRODUCTS_DIR; };
		8863DD7929B643120063FA1D /* learning_swiftTests.swift */ = {isa = PBXFileReference; lastKnownFileType = sourcecode.swift; path = learning_swiftTests.swift; sourceTree = "<group>"; };
		8863DD7F29B643120063FA1D /* learning-swiftUITests.xctest */ = {isa = PBXFileReference; explicitFileType = wrapper.cfbundle; includeInIndex = 0; path = "learning-swiftUITests.xctest"; sourceTree = BUILT_PRODUCTS_DIR; };
		8863DD8329B643120063FA1D /* learning_swiftUITests.swift */ = {isa = PBXFileReference; lastKnownFileType = sourcecode.swift; path = learning_swiftUITests.swift; sourceTree = "<group>"; };
		8863DD8529B643120063FA1D /* learning_swiftUITestsLaunchTests.swift */ = {isa = PBXFileReference; lastKnownFileType = sourcecode.swift; path = learning_swiftUITestsLaunchTests.swift; sourceTree = "<group>"; };
		88665F5C29BFD667009D4E8D /* LandmarkRow.swift */ = {isa = PBXFileReference; lastKnownFileType = sourcecode.swift; path = LandmarkRow.swift; sourceTree = "<group>"; };
		88665F6029BFDD7F009D4E8D /* LandmarkList.swift */ = {isa = PBXFileReference; lastKnownFileType = sourcecode.swift; path = LandmarkList.swift; sourceTree = "<group>"; };
/* End PBXFileReference section */

/* Begin PBXFrameworksBuildPhase section */
		8863DD5C29B643110063FA1D /* Frameworks */ = {
			isa = PBXFrameworksBuildPhase;
			buildActionMask = 2147483647;
			files = (
			);
			runOnlyForDeploymentPostprocessing = 0;
		};
		8863DD7229B643120063FA1D /* Frameworks */ = {
			isa = PBXFrameworksBuildPhase;
			buildActionMask = 2147483647;
			files = (
			);
			runOnlyForDeploymentPostprocessing = 0;
		};
		8863DD7C29B643120063FA1D /* Frameworks */ = {
			isa = PBXFrameworksBuildPhase;
			buildActionMask = 2147483647;
			files = (
			);
			runOnlyForDeploymentPostprocessing = 0;
		};
/* End PBXFrameworksBuildPhase section */

/* Begin PBXGroup section */
		881A2B5429BE0E51000ED0B8 /* Model */ = {
			isa = PBXGroup;
			children = (
				881A2B4E29BDEE04000ED0B8 /* Landmark.swift */,
				881A2B5029BE0C11000ED0B8 /* ModelData.swift */,
			);
			path = Model;
			sourceTree = "<group>";
		};
		881A2B5529BE0E7E000ED0B8 /* Resources */ = {
			isa = PBXGroup;
			children = (
				881A2B4C29BDEC9A000ED0B8 /* learning_swift.json */,
			);
			path = Resources;
			sourceTree = "<group>";
		};
		881A2B5629BE0ED8000ED0B8 /* Views */ = {
			isa = PBXGroup;
			children = (
				8863DD6929B643110063FA1D /* ContentView.swift */,
				883E44C129B7A09A00C49165 /* images.swift */,
				885896F529BB50E700CB845E /* FlexableImagesView.swift */,
				885896F329BB4FE700CB845E /* ImageView.swift */,
				885571BE29BA1F33000CBF91 /* MapView.swift */,
				885896F729BB5A6600CB845E /* AlaProfileWithMap.swift */,
				88665F5C29BFD667009D4E8D /* LandmarkRow.swift */,
				88665F6029BFDD7F009D4E8D /* LandmarkList.swift */,
				88216AD929C0844400363DBD /* LandmarkDetail.swift */,
			);
			path = Views;
			sourceTree = "<group>";
		};
		8863DD5629B643110063FA1D = {
			isa = PBXGroup;
			children = (
				8863DD6129B643110063FA1D /* learning-swift */,
				8863DD7829B643120063FA1D /* learning-swiftTests */,
				8863DD8229B643120063FA1D /* learning-swiftUITests */,
				8863DD6029B643110063FA1D /* Products */,
			);
			sourceTree = "<group>";
		};
		8863DD6029B643110063FA1D /* Products */ = {
			isa = PBXGroup;
			children = (
				8863DD5F29B643110063FA1D /* learning-swift.app */,
				8863DD7529B643120063FA1D /* learning-swiftTests.xctest */,
				8863DD7F29B643120063FA1D /* learning-swiftUITests.xctest */,
			);
			name = Products;
			sourceTree = "<group>";
		};
		8863DD6129B643110063FA1D /* learning-swift */ = {
			isa = PBXGroup;
			children = (
				8863DD6229B643110063FA1D /* learning_swiftApp.swift */,
				8863DD6429B643110063FA1D /* Persistence.swift */,
				8863DD6B29B643120063FA1D /* Assets.xcassets */,
				881A2B5629BE0ED8000ED0B8 /* Views */,
				881A2B5429BE0E51000ED0B8 /* Model */,
				881A2B5529BE0E7E000ED0B8 /* Resources */,
				8863DD6D29B643120063FA1D /* learning_swift.entitlements */,
				8863DD6629B643110063FA1D /* learning_swift.xcdatamodeld */,
				8863DD6E29B643120063FA1D /* Preview Content */,
			);
			path = "learning-swift";
			sourceTree = "<group>";
		};
		8863DD6E29B643120063FA1D /* Preview Content */ = {
			isa = PBXGroup;
			children = (
				8863DD6F29B643120063FA1D /* Preview Assets.xcassets */,
			);
			path = "Preview Content";
			sourceTree = "<group>";
		};
		8863DD7829B643120063FA1D /* learning-swiftTests */ = {
			isa = PBXGroup;
			children = (
				8863DD7929B643120063FA1D /* learning_swiftTests.swift */,
			);
			path = "learning-swiftTests";
			sourceTree = "<group>";
		};
		8863DD8229B643120063FA1D /* learning-swiftUITests */ = {
			isa = PBXGroup;
			children = (
				8863DD8329B643120063FA1D /* learning_swiftUITests.swift */,
				8863DD8529B643120063FA1D /* learning_swiftUITestsLaunchTests.swift */,
			);
			path = "learning-swiftUITests";
			sourceTree = "<group>";
		};
/* End PBXGroup section */

/* Begin PBXNativeTarget section */
		8863DD5E29B643110063FA1D /* learning-swift */ = {
			isa = PBXNativeTarget;
			buildConfigurationList = 8863DD8929B643120063FA1D /* Build configuration list for PBXNativeTarget "learning-swift" */;
			buildPhases = (
				8863DD5B29B643110063FA1D /* Sources */,
				8863DD5C29B643110063FA1D /* Frameworks */,
				8863DD5D29B643110063FA1D /* Resources */,
			);
			buildRules = (
			);
			dependencies = (
			);
			name = "learning-swift";
			productName = "learning-swift";
			productReference = 8863DD5F29B643110063FA1D /* learning-swift.app */;
			productType = "com.apple.product-type.application";
		};
		8863DD7429B643120063FA1D /* learning-swiftTests */ = {
			isa = PBXNativeTarget;
			buildConfigurationList = 8863DD8C29B643120063FA1D /* Build configuration list for PBXNativeTarget "learning-swiftTests" */;
			buildPhases = (
				8863DD7129B643120063FA1D /* Sources */,
				8863DD7229B643120063FA1D /* Frameworks */,
				8863DD7329B643120063FA1D /* Resources */,
			);
			buildRules = (
			);
			dependencies = (
				8863DD7729B643120063FA1D /* PBXTargetDependency */,
			);
			name = "learning-swiftTests";
			productName = "learning-swiftTests";
			productReference = 8863DD7529B643120063FA1D /* learning-swiftTests.xctest */;
			productType = "com.apple.product-type.bundle.unit-test";
		};
		8863DD7E29B643120063FA1D /* learning-swiftUITests */ = {
			isa = PBXNativeTarget;
			buildConfigurationList = 8863DD8F29B643120063FA1D /* Build configuration list for PBXNativeTarget "learning-swiftUITests" */;
			buildPhases = (
				8863DD7B29B643120063FA1D /* Sources */,
				8863DD7C29B643120063FA1D /* Frameworks */,
				8863DD7D29B643120063FA1D /* Resources */,
			);
			buildRules = (
			);
			dependencies = (
				8863DD8129B643120063FA1D /* PBXTargetDependency */,
			);
			name = "learning-swiftUITests";
			productName = "learning-swiftUITests";
			productReference = 8863DD7F29B643120063FA1D /* learning-swiftUITests.xctest */;
			productType = "com.apple.product-type.bundle.ui-testing";
		};
/* End PBXNativeTarget section */

/* Begin PBXProject section */
		8863DD5729B643110063FA1D /* Project object */ = {
			isa = PBXProject;
			attributes = {
				BuildIndependentTargetsInParallel = 1;
				LastSwiftUpdateCheck = 1420;
				LastUpgradeCheck = 1420;
				TargetAttributes = {
					8863DD5E29B643110063FA1D = {
						CreatedOnToolsVersion = 14.2;
					};
					8863DD7429B643120063FA1D = {
						CreatedOnToolsVersion = 14.2;
						TestTargetID = 8863DD5E29B643110063FA1D;
					};
					8863DD7E29B643120063FA1D = {
						CreatedOnToolsVersion = 14.2;
						TestTargetID = 8863DD5E29B643110063FA1D;
					};
				};
			};
			buildConfigurationList = 8863DD5A29B643110063FA1D /* Build configuration list for PBXProject "learning-swift" */;
			compatibilityVersion = "Xcode 14.0";
			developmentRegion = en;
			hasScannedForEncodings = 0;
			knownRegions = (
				en,
				Base,
				pl,
			);
			mainGroup = 8863DD5629B643110063FA1D;
			productRefGroup = 8863DD6029B643110063FA1D /* Products */;
			projectDirPath = "";
			projectRoot = "";
			targets = (
				8863DD5E29B643110063FA1D /* learning-swift */,
				8863DD7429B643120063FA1D /* learning-swiftTests */,
				8863DD7E29B643120063FA1D /* learning-swiftUITests */,
			);
		};
/* End PBXProject section */

/* Begin PBXResourcesBuildPhase section */
		8863DD5D29B643110063FA1D /* Resources */ = {
			isa = PBXResourcesBuildPhase;
			buildActionMask = 2147483647;
			files = (
				8863DD7029B643120063FA1D /* Preview Assets.xcassets in Resources */,
				8863DD6C29B643120063FA1D /* Assets.xcassets in Resources */,
				881A2B4D29BDEC9A000ED0B8 /* learning_swift.json in Resources */,
			);
			runOnlyForDeploymentPostprocessing = 0;
		};
		8863DD7329B643120063FA1D /* Resources */ = {
			isa = PBXResourcesBuildPhase;
			buildActionMask = 2147483647;
			files = (
			);
			runOnlyForDeploymentPostprocessing = 0;
		};
		8863DD7D29B643120063FA1D /* Resources */ = {
			isa = PBXResourcesBuildPhase;
			buildActionMask = 2147483647;
			files = (
			);
			runOnlyForDeploymentPostprocessing = 0;
		};
/* End PBXResourcesBuildPhase section */

/* Begin PBXSourcesBuildPhase section */
		8863DD5B29B643110063FA1D /* Sources */ = {
			isa = PBXSourcesBuildPhase;
			buildActionMask = 2147483647;
			files = (
				8863DD6329B643110063FA1D /* learning_swiftApp.swift in Sources */,
				885896F829BB5A6600CB845E /* AlaProfileWithMap.swift in Sources */,
				88665F5D29BFD667009D4E8D /* LandmarkRow.swift in Sources */,
				885571BF29BA1F33000CBF91 /* MapView.swift in Sources */,
				88665F6129BFDD7F009D4E8D /* LandmarkList.swift in Sources */,
				8863DD6529B643110063FA1D /* Persistence.swift in Sources */,
				88216ADA29C0844400363DBD /* LandmarkDetail.swift in Sources */,
				8863DD6A29B643110063FA1D /* ContentView.swift in Sources */,
				883E44C229B7A09A00C49165 /* images.swift in Sources */,
				885896F429BB4FE700CB845E /* ImageView.swift in Sources */,
				8863DD6829B643110063FA1D /* learning_swift.xcdatamodeld in Sources */,
				885896F629BB50E700CB845E /* FlexableImagesView.swift in Sources */,
				881A2B5129BE0C11000ED0B8 /* ModelData.swift in Sources */,
				881A2B4F29BDEE04000ED0B8 /* Landmark.swift in Sources */,
			);
			runOnlyForDeploymentPostprocessing = 0;
		};
		8863DD7129B643120063FA1D /* Sources */ = {
			isa = PBXSourcesBuildPhase;
			buildActionMask = 2147483647;
			files = (
				88216ADB29C0844400363DBD /* LandmarkDetail.swift in Sources */,
				88665F5E29BFD667009D4E8D /* LandmarkRow.swift in Sources */,
				88665F6229BFDD7F009D4E8D /* LandmarkList.swift in Sources */,
				8863DD7A29B643120063FA1D /* learning_swiftTests.swift in Sources */,
			);
			runOnlyForDeploymentPostprocessing = 0;
		};
		8863DD7B29B643120063FA1D /* Sources */ = {
			isa = PBXSourcesBuildPhase;
			buildActionMask = 2147483647;
			files = (
				8863DD8629B643120063FA1D /* learning_swiftUITestsLaunchTests.swift in Sources */,
				8863DD8429B643120063FA1D /* learning_swiftUITests.swift in Sources */,
				88665F5F29BFD667009D4E8D /* LandmarkRow.swift in Sources */,
				88216ADC29C0844400363DBD /* LandmarkDetail.swift in Sources */,
				88665F6329BFDD7F009D4E8D /* LandmarkList.swift in Sources */,
			);
			runOnlyForDeploymentPostprocessing = 0;
		};
/* End PBXSourcesBuildPhase section */

/* Begin PBXTargetDependency section */
		8863DD7729B643120063FA1D /* PBXTargetDependency */ = {
			isa = PBXTargetDependency;
			target = 8863DD5E29B643110063FA1D /* learning-swift */;
			targetProxy = 8863DD7629B643120063FA1D /* PBXContainerItemProxy */;
		};
		8863DD8129B643120063FA1D /* PBXTargetDependency */ = {
			isa = PBXTargetDependency;
			target = 8863DD5E29B643110063FA1D /* learning-swift */;
			targetProxy = 8863DD8029B643120063FA1D /* PBXContainerItemProxy */;
		};
/* End PBXTargetDependency section */

/* Begin XCBuildConfiguration section */
		8863DD8729B643120063FA1D /* Debug */ = {
			isa = XCBuildConfiguration;
			buildSettings = {
				ALWAYS_SEARCH_USER_PATHS = NO;
				CLANG_ANALYZER_LOCALIZABILITY_NONLOCALIZED = YES;
				CLANG_ANALYZER_NONNULL = YES;
				CLANG_ANALYZER_NUMBER_OBJECT_CONVERSION = YES_AGGRESSIVE;
				CLANG_CXX_LANGUAGE_STANDARD = "gnu++20";
				CLANG_ENABLE_MODULES = YES;
				CLANG_ENABLE_OBJC_ARC = YES;
				CLANG_ENABLE_OBJC_WEAK = YES;
				CLANG_WARN_BLOCK_CAPTURE_AUTORELEASING = YES;
				CLANG_WARN_BOOL_CONVERSION = YES;
				CLANG_WARN_COMMA = YES;
				CLANG_WARN_CONSTANT_CONVERSION = YES;
				CLANG_WARN_DEPRECATED_OBJC_IMPLEMENTATIONS = YES;
				CLANG_WARN_DIRECT_OBJC_ISA_USAGE = YES_ERROR;
				CLANG_WARN_DOCUMENTATION_COMMENTS = YES;
				CLANG_WARN_EMPTY_BODY = YES;
				CLANG_WARN_ENUM_CONVERSION = YES;
				CLANG_WARN_INFINITE_RECURSION = YES;
				CLANG_WARN_INT_CONVERSION = YES;
				CLANG_WARN_NON_LITERAL_NULL_CONVERSION = YES;
				CLANG_WARN_OBJC_IMPLICIT_RETAIN_SELF = YES;
				CLANG_WARN_OBJC_LITERAL_CONVERSION = YES;
				CLANG_WARN_OBJC_ROOT_CLASS = YES_ERROR;
				CLANG_WARN_QUOTED_INCLUDE_IN_FRAMEWORK_HEADER = YES;
				CLANG_WARN_RANGE_LOOP_ANALYSIS = YES;
				CLANG_WARN_STRICT_PROTOTYPES = YES;
				CLANG_WARN_SUSPICIOUS_MOVE = YES;
				CLANG_WARN_UNGUARDED_AVAILABILITY = YES_AGGRESSIVE;
				CLANG_WARN_UNREACHABLE_CODE = YES;
				CLANG_WARN__DUPLICATE_METHOD_MATCH = YES;
				COPY_PHASE_STRIP = NO;
				DEAD_CODE_STRIPPING = YES;
				DEBUG_INFORMATION_FORMAT = dwarf;
				ENABLE_STRICT_OBJC_MSGSEND = YES;
				ENABLE_TESTABILITY = YES;
				GCC_C_LANGUAGE_STANDARD = gnu11;
				GCC_DYNAMIC_NO_PIC = NO;
				GCC_NO_COMMON_BLOCKS = YES;
				GCC_OPTIMIZATION_LEVEL = 0;
				GCC_PREPROCESSOR_DEFINITIONS = (
					"DEBUG=1",
					"$(inherited)",
				);
				GCC_WARN_64_TO_32_BIT_CONVERSION = YES;
				GCC_WARN_ABOUT_RETURN_TYPE = YES_ERROR;
				GCC_WARN_UNDECLARED_SELECTOR = YES;
				GCC_WARN_UNINITIALIZED_AUTOS = YES_AGGRESSIVE;
				GCC_WARN_UNUSED_FUNCTION = YES;
				GCC_WARN_UNUSED_VARIABLE = YES;
				MTL_ENABLE_DEBUG_INFO = INCLUDE_SOURCE;
				MTL_FAST_MATH = YES;
				ONLY_ACTIVE_ARCH = YES;
				SWIFT_ACTIVE_COMPILATION_CONDITIONS = DEBUG;
				SWIFT_OPTIMIZATION_LEVEL = "-Onone";
			};
			name = Debug;
		};
		8863DD8829B643120063FA1D /* Release */ = {
			isa = XCBuildConfiguration;
			buildSettings = {
				ALWAYS_SEARCH_USER_PATHS = NO;
				CLANG_ANALYZER_LOCALIZABILITY_NONLOCALIZED = YES;
				CLANG_ANALYZER_NONNULL = YES;
				CLANG_ANALYZER_NUMBER_OBJECT_CONVERSION = YES_AGGRESSIVE;
				CLANG_CXX_LANGUAGE_STANDARD = "gnu++20";
				CLANG_ENABLE_MODULES = YES;
				CLANG_ENABLE_OBJC_ARC = YES;
				CLANG_ENABLE_OBJC_WEAK = YES;
				CLANG_WARN_BLOCK_CAPTURE_AUTORELEASING = YES;
				CLANG_WARN_BOOL_CONVERSION = YES;
				CLANG_WARN_COMMA = YES;
				CLANG_WARN_CONSTANT_CONVERSION = YES;
				CLANG_WARN_DEPRECATED_OBJC_IMPLEMENTATIONS = YES;
				CLANG_WARN_DIRECT_OBJC_ISA_USAGE = YES_ERROR;
				CLANG_WARN_DOCUMENTATION_COMMENTS = YES;
				CLANG_WARN_EMPTY_BODY = YES;
				CLANG_WARN_ENUM_CONVERSION = YES;
				CLANG_WARN_INFINITE_RECURSION = YES;
				CLANG_WARN_INT_CONVERSION = YES;
				CLANG_WARN_NON_LITERAL_NULL_CONVERSION = YES;
				CLANG_WARN_OBJC_IMPLICIT_RETAIN_SELF = YES;
				CLANG_WARN_OBJC_LITERAL_CONVERSION = YES;
				CLANG_WARN_OBJC_ROOT_CLASS = YES_ERROR;
				CLANG_WARN_QUOTED_INCLUDE_IN_FRAMEWORK_HEADER = YES;
				CLANG_WARN_RANGE_LOOP_ANALYSIS = YES;
				CLANG_WARN_STRICT_PROTOTYPES = YES;
				CLANG_WARN_SUSPICIOUS_MOVE = YES;
				CLANG_WARN_UNGUARDED_AVAILABILITY = YES_AGGRESSIVE;
				CLANG_WARN_UNREACHABLE_CODE = YES;
				CLANG_WARN__DUPLICATE_METHOD_MATCH = YES;
				COPY_PHASE_STRIP = NO;
				DEAD_CODE_STRIPPING = YES;
				DEBUG_INFORMATION_FORMAT = "dwarf-with-dsym";
				ENABLE_NS_ASSERTIONS = NO;
				ENABLE_STRICT_OBJC_MSGSEND = YES;
				GCC_C_LANGUAGE_STANDARD = gnu11;
				GCC_NO_COMMON_BLOCKS = YES;
				GCC_WARN_64_TO_32_BIT_CONVERSION = YES;
				GCC_WARN_ABOUT_RETURN_TYPE = YES_ERROR;
				GCC_WARN_UNDECLARED_SELECTOR = YES;
				GCC_WARN_UNINITIALIZED_AUTOS = YES_AGGRESSIVE;
				GCC_WARN_UNUSED_FUNCTION = YES;
				GCC_WARN_UNUSED_VARIABLE = YES;
				MTL_ENABLE_DEBUG_INFO = NO;
				MTL_FAST_MATH = YES;
				SWIFT_COMPILATION_MODE = wholemodule;
				SWIFT_OPTIMIZATION_LEVEL = "-O";
			};
			name = Release;
		};
		8863DD8A29B643120063FA1D /* Debug */ = {
			isa = XCBuildConfiguration;
			buildSettings = {
				ASSETCATALOG_COMPILER_APPICON_NAME = AppIcon;
				ASSETCATALOG_COMPILER_GLOBAL_ACCENT_COLOR_NAME = AccentColor;
				CODE_SIGN_ENTITLEMENTS = "learning-swift/learning_swift.entitlements";
				CODE_SIGN_IDENTITY = "-";
				CODE_SIGN_STYLE = Automatic;
				CURRENT_PROJECT_VERSION = 1;
				DEAD_CODE_STRIPPING = YES;
				DEVELOPMENT_ASSET_PATHS = "\"learning-swift/Preview Content\"";
				ENABLE_PREVIEWS = YES;
				GENERATE_INFOPLIST_FILE = YES;
				"INFOPLIST_KEY_UIApplicationSceneManifest_Generation[sdk=iphoneos*]" = YES;
				"INFOPLIST_KEY_UIApplicationSceneManifest_Generation[sdk=iphonesimulator*]" = YES;
				"INFOPLIST_KEY_UIApplicationSupportsIndirectInputEvents[sdk=iphoneos*]" = YES;
				"INFOPLIST_KEY_UIApplicationSupportsIndirectInputEvents[sdk=iphonesimulator*]" = YES;
				"INFOPLIST_KEY_UILaunchScreen_Generation[sdk=iphoneos*]" = YES;
				"INFOPLIST_KEY_UILaunchScreen_Generation[sdk=iphonesimulator*]" = YES;
				"INFOPLIST_KEY_UIStatusBarStyle[sdk=iphoneos*]" = UIStatusBarStyleDefault;
				"INFOPLIST_KEY_UIStatusBarStyle[sdk=iphonesimulator*]" = UIStatusBarStyleDefault;
				INFOPLIST_KEY_UISupportedInterfaceOrientations_iPad = "UIInterfaceOrientationPortrait UIInterfaceOrientationPortraitUpsideDown UIInterfaceOrientationLandscapeLeft UIInterfaceOrientationLandscapeRight";
				INFOPLIST_KEY_UISupportedInterfaceOrientations_iPhone = "UIInterfaceOrientationPortrait UIInterfaceOrientationLandscapeLeft UIInterfaceOrientationLandscapeRight";
				IPHONEOS_DEPLOYMENT_TARGET = 16.2;
				LD_RUNPATH_SEARCH_PATHS = "@executable_path/Frameworks";
				"LD_RUNPATH_SEARCH_PATHS[sdk=macosx*]" = "@executable_path/../Frameworks";
				MACOSX_DEPLOYMENT_TARGET = 13.1;
				MARKETING_VERSION = 1.0;
				PRODUCT_BUNDLE_IDENTIFIER = "xyz.learning-swift.learning-swift";
				PRODUCT_NAME = "$(TARGET_NAME)";
				SDKROOT = auto;
				SUPPORTED_PLATFORMS = "iphoneos iphonesimulator macosx";
				SWIFT_EMIT_LOC_STRINGS = YES;
				SWIFT_VERSION = 5.0;
				TARGETED_DEVICE_FAMILY = "1,2";
			};
			name = Debug;
		};
		8863DD8B29B643120063FA1D /* Release */ = {
			isa = XCBuildConfiguration;
			buildSettings = {
				ASSETCATALOG_COMPILER_APPICON_NAME = AppIcon;
				ASSETCATALOG_COMPILER_GLOBAL_ACCENT_COLOR_NAME = AccentColor;
				CODE_SIGN_ENTITLEMENTS = "learning-swift/learning_swift.entitlements";
				CODE_SIGN_IDENTITY = "-";
				CODE_SIGN_STYLE = Automatic;
				CURRENT_PROJECT_VERSION = 1;
				DEAD_CODE_STRIPPING = YES;
				DEVELOPMENT_ASSET_PATHS = "\"learning-swift/Preview Content\"";
				ENABLE_PREVIEWS = YES;
				GENERATE_INFOPLIST_FILE = YES;
				"INFOPLIST_KEY_UIApplicationSceneManifest_Generation[sdk=iphoneos*]" = YES;
				"INFOPLIST_KEY_UIApplicationSceneManifest_Generation[sdk=iphonesimulator*]" = YES;
				"INFOPLIST_KEY_UIApplicationSupportsIndirectInputEvents[sdk=iphoneos*]" = YES;
				"INFOPLIST_KEY_UIApplicationSupportsIndirectInputEvents[sdk=iphonesimulator*]" = YES;
				"INFOPLIST_KEY_UILaunchScreen_Generation[sdk=iphoneos*]" = YES;
				"INFOPLIST_KEY_UILaunchScreen_Generation[sdk=iphonesimulator*]" = YES;
				"INFOPLIST_KEY_UIStatusBarStyle[sdk=iphoneos*]" = UIStatusBarStyleDefault;
				"INFOPLIST_KEY_UIStatusBarStyle[sdk=iphonesimulator*]" = UIStatusBarStyleDefault;
				INFOPLIST_KEY_UISupportedInterfaceOrientations_iPad = "UIInterfaceOrientationPortrait UIInterfaceOrientationPortraitUpsideDown UIInterfaceOrientationLandscapeLeft UIInterfaceOrientationLandscapeRight";
				INFOPLIST_KEY_UISupportedInterfaceOrientations_iPhone = "UIInterfaceOrientationPortrait UIInterfaceOrientationLandscapeLeft UIInterfaceOrientationLandscapeRight";
				IPHONEOS_DEPLOYMENT_TARGET = 16.2;
				LD_RUNPATH_SEARCH_PATHS = "@executable_path/Frameworks";
				"LD_RUNPATH_SEARCH_PATHS[sdk=macosx*]" = "@executable_path/../Frameworks";
				MACOSX_DEPLOYMENT_TARGET = 13.1;
				MARKETING_VERSION = 1.0;
				PRODUCT_BUNDLE_IDENTIFIER = "xyz.learning-swift.learning-swift";
				PRODUCT_NAME = "$(TARGET_NAME)";
				SDKROOT = auto;
				SUPPORTED_PLATFORMS = "iphoneos iphonesimulator macosx";
				SWIFT_EMIT_LOC_STRINGS = YES;
				SWIFT_VERSION = 5.0;
				TARGETED_DEVICE_FAMILY = "1,2";
			};
			name = Release;
		};
		8863DD8D29B643120063FA1D /* Debug */ = {
			isa = XCBuildConfiguration;
			buildSettings = {
				ALWAYS_EMBED_SWIFT_STANDARD_LIBRARIES = YES;
				BUNDLE_LOADER = "$(TEST_HOST)";
				CODE_SIGN_STYLE = Automatic;
				CURRENT_PROJECT_VERSION = 1;
				DEAD_CODE_STRIPPING = YES;
				GENERATE_INFOPLIST_FILE = YES;
				IPHONEOS_DEPLOYMENT_TARGET = 16.2;
				MACOSX_DEPLOYMENT_TARGET = 13.1;
				MARKETING_VERSION = 1.0;
				PRODUCT_BUNDLE_IDENTIFIER = "xyz.learning-swift.learning-swiftTests";
				PRODUCT_NAME = "$(TARGET_NAME)";
				SDKROOT = auto;
				SUPPORTED_PLATFORMS = "iphoneos iphonesimulator macosx";
				SWIFT_EMIT_LOC_STRINGS = NO;
				SWIFT_VERSION = 5.0;
				TARGETED_DEVICE_FAMILY = "1,2";
				TEST_HOST = "$(BUILT_PRODUCTS_DIR)/learning-swift.app/$(BUNDLE_EXECUTABLE_FOLDER_PATH)/learning-swift";
			};
			name = Debug;
		};
		8863DD8E29B643120063FA1D /* Release */ = {
			isa = XCBuildConfiguration;
			buildSettings = {
				ALWAYS_EMBED_SWIFT_STANDARD_LIBRARIES = YES;
				BUNDLE_LOADER = "$(TEST_HOST)";
				CODE_SIGN_STYLE = Automatic;
				CURRENT_PROJECT_VERSION = 1;
				DEAD_CODE_STRIPPING = YES;
				GENERATE_INFOPLIST_FILE = YES;
				IPHONEOS_DEPLOYMENT_TARGET = 16.2;
				MACOSX_DEPLOYMENT_TARGET = 13.1;
				MARKETING_VERSION = 1.0;
				PRODUCT_BUNDLE_IDENTIFIER = "xyz.learning-swift.learning-swiftTests";
				PRODUCT_NAME = "$(TARGET_NAME)";
				SDKROOT = auto;
				SUPPORTED_PLATFORMS = "iphoneos iphonesimulator macosx";
				SWIFT_EMIT_LOC_STRINGS = NO;
				SWIFT_VERSION = 5.0;
				TARGETED_DEVICE_FAMILY = "1,2";
				TEST_HOST = "$(BUILT_PRODUCTS_DIR)/learning-swift.app/$(BUNDLE_EXECUTABLE_FOLDER_PATH)/learning-swift";
			};
			name = Release;
		};
		8863DD9029B643120063FA1D /* Debug */ = {
			isa = XCBuildConfiguration;
			buildSettings = {
				ALWAYS_EMBED_SWIFT_STANDARD_LIBRARIES = YES;
				CODE_SIGN_STYLE = Automatic;
				CURRENT_PROJECT_VERSION = 1;
				DEAD_CODE_STRIPPING = YES;
				GENERATE_INFOPLIST_FILE = YES;
				IPHONEOS_DEPLOYMENT_TARGET = 16.2;
				MACOSX_DEPLOYMENT_TARGET = 13.1;
				MARKETING_VERSION = 1.0;
				PRODUCT_BUNDLE_IDENTIFIER = "xyz.learning-swift.learning-swiftUITests";
				PRODUCT_NAME = "$(TARGET_NAME)";
				SDKROOT = auto;
				SUPPORTED_PLATFORMS = "iphoneos iphonesimulator macosx";
				SWIFT_EMIT_LOC_STRINGS = NO;
				SWIFT_VERSION = 5.0;
				TARGETED_DEVICE_FAMILY = "1,2";
				TEST_TARGET_NAME = "learning-swift";
			};
			name = Debug;
		};
		8863DD9129B643120063FA1D /* Release */ = {
			isa = XCBuildConfiguration;
			buildSettings = {
				ALWAYS_EMBED_SWIFT_STANDARD_LIBRARIES = YES;
				CODE_SIGN_STYLE = Automatic;
				CURRENT_PROJECT_VERSION = 1;
				DEAD_CODE_STRIPPING = YES;
				GENERATE_INFOPLIST_FILE = YES;
				IPHONEOS_DEPLOYMENT_TARGET = 16.2;
				MACOSX_DEPLOYMENT_TARGET = 13.1;
				MARKETING_VERSION = 1.0;
				PRODUCT_BUNDLE_IDENTIFIER = "xyz.learning-swift.learning-swiftUITests";
				PRODUCT_NAME = "$(TARGET_NAME)";
				SDKROOT = auto;
				SUPPORTED_PLATFORMS = "iphoneos iphonesimulator macosx";
				SWIFT_EMIT_LOC_STRINGS = NO;
				SWIFT_VERSION = 5.0;
				TARGETED_DEVICE_FAMILY = "1,2";
				TEST_TARGET_NAME = "learning-swift";
			};
			name = Release;
		};
/* End XCBuildConfiguration section */

/* Begin XCConfigurationList section */
		8863DD5A29B643110063FA1D /* Build configuration list for PBXProject "learning-swift" */ = {
			isa = XCConfigurationList;
			buildConfigurations = (
				8863DD8729B643120063FA1D /* Debug */,
				8863DD8829B643120063FA1D /* Release */,
			);
			defaultConfigurationIsVisible = 0;
			defaultConfigurationName = Release;
		};
		8863DD8929B643120063FA1D /* Build configuration list for PBXNativeTarget "learning-swift" */ = {
			isa = XCConfigurationList;
			buildConfigurations = (
				8863DD8A29B643120063FA1D /* Debug */,
				8863DD8B29B643120063FA1D /* Release */,
			);
			defaultConfigurationIsVisible = 0;
			defaultConfigurationName = Release;
		};
		8863DD8C29B643120063FA1D /* Build configuration list for PBXNativeTarget "learning-swiftTests" */ = {
			isa = XCConfigurationList;
			buildConfigurations = (
				8863DD8D29B643120063FA1D /* Debug */,
				8863DD8E29B643120063FA1D /* Release */,
			);
			defaultConfigurationIsVisible = 0;
			defaultConfigurationName = Release;
		};
		8863DD8F29B643120063FA1D /* Build configuration list for PBXNativeTarget "learning-swiftUITests" */ = {
			isa = XCConfigurationList;
			buildConfigurations = (
				8863DD9029B643120063FA1D /* Debug */,
				8863DD9129B643120063FA1D /* Release */,
			);
			defaultConfigurationIsVisible = 0;
			defaultConfigurationName = Release;
		};
/* End XCConfigurationList section */

/* Begin XCVersionGroup section */
		8863DD6629B643110063FA1D /* learning_swift.xcdatamodeld */ = {
			isa = XCVersionGroup;
			children = (
				8863DD6729B643110063FA1D /* learning_swift.xcdatamodel */,
			);
			currentVersion = 8863DD6729B643110063FA1D /* learning_swift.xcdatamodel */;
			path = learning_swift.xcdatamodeld;
			sourceTree = "<group>";
			versionGroupType = wrapper.xcdatamodel;
		};
/* End XCVersionGroup section */
	};
	rootObject = 8863DD5729B643110063FA1D /* Project object */;
}
